// !$*UTF8*$!
{
	archiveVersion = 1;
	classes = {
	};
	objectVersion = 50;
	objects = {

/* Begin PBXBuildFile section */
		9D76B88F21CF746500A516C6 /* CameraViewDelegate.swift in Sources */ = {isa = PBXBuildFile; fileRef = 9D76B85521CF746500A516C6 /* CameraViewDelegate.swift */; };
		9D76B89021CF746500A516C6 /* CameraViewConfiguration.swift in Sources */ = {isa = PBXBuildFile; fileRef = 9D76B85621CF746500A516C6 /* CameraViewConfiguration.swift */; };
		9D76B89121CF746500A516C6 /* CameraViewController.swift in Sources */ = {isa = PBXBuildFile; fileRef = 9D76B85721CF746500A516C6 /* CameraViewController.swift */; };
		9D76B89221CF746500A516C6 /* CameraView.swift in Sources */ = {isa = PBXBuildFile; fileRef = 9D76B85821CF746500A516C6 /* CameraView.swift */; };
		9D76B89321CF746500A516C6 /* FocusView.swift in Sources */ = {isa = PBXBuildFile; fileRef = 9D76B85A21CF746500A516C6 /* FocusView.swift */; };
		9D76B89421CF746500A516C6 /* PreviewView.swift in Sources */ = {isa = PBXBuildFile; fileRef = 9D76B85B21CF746500A516C6 /* PreviewView.swift */; };
		9D76B89521CF746500A516C6 /* CaptureView.swift in Sources */ = {isa = PBXBuildFile; fileRef = 9D76B85C21CF746500A516C6 /* CaptureView.swift */; };
		9D76B89621CF746500A516C6 /* CameraManager.swift in Sources */ = {isa = PBXBuildFile; fileRef = 9D76B85D21CF746500A516C6 /* CameraManager.swift */; };
		9D76B89721CF746500A516C6 /* Info.plist in Resources */ = {isa = PBXBuildFile; fileRef = 9D76B85E21CF746500A516C6 /* Info.plist */; };
		9D76B89821CF746500A516C6 /* MessageInputDelegate.swift in Sources */ = {isa = PBXBuildFile; fileRef = 9D76B85F21CF746500A516C6 /* MessageInputDelegate.swift */; };
		9D76B89921CF746500A516C6 /* SimpleButton.swift in Sources */ = {isa = PBXBuildFile; fileRef = 9D76B86121CF746500A516C6 /* SimpleButton.swift */; };
		9D76B89A21CF746500A516C6 /* ViewMode.swift in Sources */ = {isa = PBXBuildFile; fileRef = 9D76B86321CF746500A516C6 /* ViewMode.swift */; };
		9D76B89B21CF746500A516C6 /* EmotionPagerConfiguration.swift in Sources */ = {isa = PBXBuildFile; fileRef = 9D76B86521CF746500A516C6 /* EmotionPagerConfiguration.swift */; };
		9D76B89C21CF746500A516C6 /* EmotionTextareaConfiguration.swift in Sources */ = {isa = PBXBuildFile; fileRef = 9D76B86621CF746500A516C6 /* EmotionTextareaConfiguration.swift */; };
		9D76B89D21CF746500A516C6 /* EmotionIcon.swift in Sources */ = {isa = PBXBuildFile; fileRef = 9D76B86921CF746500A516C6 /* EmotionIcon.swift */; };
		9D76B89E21CF746500A516C6 /* EmotionSet.swift in Sources */ = {isa = PBXBuildFile; fileRef = 9D76B86A21CF746500A516C6 /* EmotionSet.swift */; };
		9D76B89F21CF746500A516C6 /* Emotion.swift in Sources */ = {isa = PBXBuildFile; fileRef = 9D76B86B21CF746500A516C6 /* Emotion.swift */; };
		9D76B8A021CF746500A516C6 /* EmotionPage.swift in Sources */ = {isa = PBXBuildFile; fileRef = 9D76B86C21CF746500A516C6 /* EmotionPage.swift */; };
		9D76B8A121CF746500A516C6 /* EmotionCell.swift in Sources */ = {isa = PBXBuildFile; fileRef = 9D76B86E21CF746500A516C6 /* EmotionCell.swift */; };
		9D76B8A221CF746500A516C6 /* EmotionToolbar.swift in Sources */ = {isa = PBXBuildFile; fileRef = 9D76B86F21CF746500A516C6 /* EmotionToolbar.swift */; };
		9D76B8A321CF746500A516C6 /* EmotionTextarea.swift in Sources */ = {isa = PBXBuildFile; fileRef = 9D76B87021CF746500A516C6 /* EmotionTextarea.swift */; };
		9D76B8A421CF746500A516C6 /* EmotionGrid.swift in Sources */ = {isa = PBXBuildFile; fileRef = 9D76B87121CF746500A516C6 /* EmotionGrid.swift */; };
		9D76B8A521CF746500A516C6 /* EmotionAttachment.swift in Sources */ = {isa = PBXBuildFile; fileRef = 9D76B87221CF746500A516C6 /* EmotionAttachment.swift */; };
		9D76B8A621CF746500A516C6 /* EmotionPager.swift in Sources */ = {isa = PBXBuildFile; fileRef = 9D76B87321CF746500A516C6 /* EmotionPager.swift */; };
		9D76B8A721CF746500A516C6 /* EmojiFilter.swift in Sources */ = {isa = PBXBuildFile; fileRef = 9D76B87521CF746500A516C6 /* EmojiFilter.swift */; };
		9D76B8A821CF746500A516C6 /* BracketFilter.swift in Sources */ = {isa = PBXBuildFile; fileRef = 9D76B87621CF746500A516C6 /* BracketFilter.swift */; };
		9D76B8A921CF746500A516C6 /* EmotionFilter.swift in Sources */ = {isa = PBXBuildFile; fileRef = 9D76B87721CF746500A516C6 /* EmotionFilter.swift */; };
		9D76B8AA21CF746500A516C6 /* VoiceInput.swift in Sources */ = {isa = PBXBuildFile; fileRef = 9D76B87B21CF746500A516C6 /* VoiceInput.swift */; };
		9D76B8AB21CF746500A516C6 /* VoiceInputConfiguration.swift in Sources */ = {isa = PBXBuildFile; fileRef = 9D76B87D21CF746500A516C6 /* VoiceInputConfiguration.swift */; };
		9D76B8AC21CF746500A516C6 /* VoiceInputDelegate.swift in Sources */ = {isa = PBXBuildFile; fileRef = 9D76B87E21CF746500A516C6 /* VoiceInputDelegate.swift */; };
		9D76B8AD21CF746500A516C6 /* VoiceManager.swift in Sources */ = {isa = PBXBuildFile; fileRef = 9D76B87F21CF746500A516C6 /* VoiceManager.swift */; };
		9D76B8AE21CF746500A516C6 /* CircleView.swift in Sources */ = {isa = PBXBuildFile; fileRef = 9D76B88121CF746500A516C6 /* CircleView.swift */; };
		9D76B8AF21CF746500A516C6 /* CircleViewDelegate.swift in Sources */ = {isa = PBXBuildFile; fileRef = 9D76B88221CF746500A516C6 /* CircleViewDelegate.swift */; };
		9D76B8B021CF746500A516C6 /* MessageInput.swift in Sources */ = {isa = PBXBuildFile; fileRef = 9D76B88321CF746500A516C6 /* MessageInput.swift */; };
		9D76B8B121CF746500A516C6 /* ImageFile.swift in Sources */ = {isa = PBXBuildFile; fileRef = 9D76B88521CF746500A516C6 /* ImageFile.swift */; };
		9D76B8B221CF746500A516C6 /* RoundView.swift in Sources */ = {isa = PBXBuildFile; fileRef = 9D76B88721CF746500A516C6 /* RoundView.swift */; };
		9D76B8B321CF746500A516C6 /* RoundViewDelegate.swift in Sources */ = {isa = PBXBuildFile; fileRef = 9D76B88821CF746500A516C6 /* RoundViewDelegate.swift */; };
		9D76B8B421CF746500A516C6 /* FeatureButton.swift in Sources */ = {isa = PBXBuildFile; fileRef = 9D76B88A21CF746500A516C6 /* FeatureButton.swift */; };
		9D76B8B521CF746500A516C6 /* MessageInputConfiguration.swift in Sources */ = {isa = PBXBuildFile; fileRef = 9D76B88B21CF746500A516C6 /* MessageInputConfiguration.swift */; };
		9D76B8B721CF746500A516C6 /* DotIndicator.swift in Sources */ = {isa = PBXBuildFile; fileRef = 9D76B88E21CF746500A516C6 /* DotIndicator.swift */; };
		9D7F516521B2A7A400F04D5C /* RNTChatView.m in Sources */ = {isa = PBXBuildFile; fileRef = 9D7F516421B2A7A400F04D5C /* RNTChatView.m */; };
		9D7F516721B2B86C00F04D5C /* RNTChatView.h in CopyFiles */ = {isa = PBXBuildFile; fileRef = 9D7F516321B2A7A400F04D5C /* RNTChatView.h */; };
		9D7F521C21B3E6F600F04D5C /* Assets.xcassets in Resources */ = {isa = PBXBuildFile; fileRef = 9D7F521B21B3E6F600F04D5C /* Assets.xcassets */; };
		9D8AE90D21BC14EA00BA2EF2 /* MessageListConfiguration.swift in Sources */ = {isa = PBXBuildFile; fileRef = 9D8AE8DE21BC14EA00BA2EF2 /* MessageListConfiguration.swift */; };
		9D8AE90E21BC14EA00BA2EF2 /* AudioPlayer.swift in Sources */ = {isa = PBXBuildFile; fileRef = 9D8AE8E021BC14EA00BA2EF2 /* AudioPlayer.swift */; };
		9D8AE90F21BC14EA00BA2EF2 /* AudioPlayerDelegate.swift in Sources */ = {isa = PBXBuildFile; fileRef = 9D8AE8E121BC14EA00BA2EF2 /* AudioPlayerDelegate.swift */; };
		9D8AE91021BC14EA00BA2EF2 /* MessageStatus.swift in Sources */ = {isa = PBXBuildFile; fileRef = 9D8AE8E321BC14EA00BA2EF2 /* MessageStatus.swift */; };
		9D8AE91121BC14EA00BA2EF2 /* SoundMode.swift in Sources */ = {isa = PBXBuildFile; fileRef = 9D8AE8E421BC14EA00BA2EF2 /* SoundMode.swift */; };
		9D8AE91221BC14EA00BA2EF2 /* MessageList.swift in Sources */ = {isa = PBXBuildFile; fileRef = 9D8AE8E521BC14EA00BA2EF2 /* MessageList.swift */; };
		9D8AE91321BC14EA00BA2EF2 /* RightCardMessageCell.swift in Sources */ = {isa = PBXBuildFile; fileRef = 9D8AE8E721BC14EA00BA2EF2 /* RightCardMessageCell.swift */; };
		9D8AE91421BC14EA00BA2EF2 /* EventMessageCell.swift in Sources */ = {isa = PBXBuildFile; fileRef = 9D8AE8E821BC14EA00BA2EF2 /* EventMessageCell.swift */; };
		9D8AE91521BC14EA00BA2EF2 /* RightPostMessageCell.swift in Sources */ = {isa = PBXBuildFile; fileRef = 9D8AE8E921BC14EA00BA2EF2 /* RightPostMessageCell.swift */; };
		9D8AE91621BC14EA00BA2EF2 /* LeftAudioMessageCell.swift in Sources */ = {isa = PBXBuildFile; fileRef = 9D8AE8EA21BC14EA00BA2EF2 /* LeftAudioMessageCell.swift */; };
		9D8AE91721BC14EA00BA2EF2 /* RightTextMessageCell.swift in Sources */ = {isa = PBXBuildFile; fileRef = 9D8AE8EB21BC14EA00BA2EF2 /* RightTextMessageCell.swift */; };
		9D8AE91821BC14EA00BA2EF2 /* RightImageMessage.swift in Sources */ = {isa = PBXBuildFile; fileRef = 9D8AE8EC21BC14EA00BA2EF2 /* RightImageMessage.swift */; };
		9D8AE91921BC14EA00BA2EF2 /* LeftImageMessageCell.swift in Sources */ = {isa = PBXBuildFile; fileRef = 9D8AE8ED21BC14EA00BA2EF2 /* LeftImageMessageCell.swift */; };
		9D8AE91A21BC14EA00BA2EF2 /* LeftVideoMessageCell.swift in Sources */ = {isa = PBXBuildFile; fileRef = 9D8AE8EE21BC14EA00BA2EF2 /* LeftVideoMessageCell.swift */; };
		9D8AE91B21BC14EA00BA2EF2 /* LeftTextMessageCell.swift in Sources */ = {isa = PBXBuildFile; fileRef = 9D8AE8EF21BC14EA00BA2EF2 /* LeftTextMessageCell.swift */; };
		9D8AE91C21BC14EA00BA2EF2 /* PostMessageCell.swift in Sources */ = {isa = PBXBuildFile; fileRef = 9D8AE8F021BC14EA00BA2EF2 /* PostMessageCell.swift */; };
		9D8AE91D21BC14EA00BA2EF2 /* TextMessageCell.swift in Sources */ = {isa = PBXBuildFile; fileRef = 9D8AE8F121BC14EA00BA2EF2 /* TextMessageCell.swift */; };
		9D8AE91E21BC14EA00BA2EF2 /* LeftPostMessageCell.swift in Sources */ = {isa = PBXBuildFile; fileRef = 9D8AE8F221BC14EA00BA2EF2 /* LeftPostMessageCell.swift */; };
		9D8AE91F21BC14EA00BA2EF2 /* RightAudioMessageCell.swift in Sources */ = {isa = PBXBuildFile; fileRef = 9D8AE8F321BC14EA00BA2EF2 /* RightAudioMessageCell.swift */; };
		9D8AE92021BC14EA00BA2EF2 /* ImageMessageCell.swift in Sources */ = {isa = PBXBuildFile; fileRef = 9D8AE8F421BC14EA00BA2EF2 /* ImageMessageCell.swift */; };
		9D8AE92121BC14EA00BA2EF2 /* LeftCardMessageCell.swift in Sources */ = {isa = PBXBuildFile; fileRef = 9D8AE8F521BC14EA00BA2EF2 /* LeftCardMessageCell.swift */; };
		9D8AE92221BC14EA00BA2EF2 /* CardMessageCell.swift in Sources */ = {isa = PBXBuildFile; fileRef = 9D8AE8F621BC14EA00BA2EF2 /* CardMessageCell.swift */; };
		9D8AE92321BC14EA00BA2EF2 /* VideoMessageCell.swift in Sources */ = {isa = PBXBuildFile; fileRef = 9D8AE8F721BC14EA00BA2EF2 /* VideoMessageCell.swift */; };
		9D8AE92421BC14EA00BA2EF2 /* MessageCell.swift in Sources */ = {isa = PBXBuildFile; fileRef = 9D8AE8F821BC14EA00BA2EF2 /* MessageCell.swift */; };
		9D8AE92521BC14EA00BA2EF2 /* RightVideoMessageCell.swift in Sources */ = {isa = PBXBuildFile; fileRef = 9D8AE8F921BC14EA00BA2EF2 /* RightVideoMessageCell.swift */; };
		9D8AE92621BC14EA00BA2EF2 /* AudioMessageCell.swift in Sources */ = {isa = PBXBuildFile; fileRef = 9D8AE8FA21BC14EA00BA2EF2 /* AudioMessageCell.swift */; };
		9D8AE92721BC14EA00BA2EF2 /* AudioMessage.swift in Sources */ = {isa = PBXBuildFile; fileRef = 9D8AE8FC21BC14EA00BA2EF2 /* AudioMessage.swift */; };
		9D8AE92821BC14EA00BA2EF2 /* TextMessage.swift in Sources */ = {isa = PBXBuildFile; fileRef = 9D8AE8FD21BC14EA00BA2EF2 /* TextMessage.swift */; };
		9D8AE92921BC14EA00BA2EF2 /* VideoMessage.swift in Sources */ = {isa = PBXBuildFile; fileRef = 9D8AE8FE21BC14EA00BA2EF2 /* VideoMessage.swift */; };
		9D8AE92A21BC14EA00BA2EF2 /* CardMessage.swift in Sources */ = {isa = PBXBuildFile; fileRef = 9D8AE8FF21BC14EA00BA2EF2 /* CardMessage.swift */; };
		9D8AE92B21BC14EA00BA2EF2 /* EventMessage.swift in Sources */ = {isa = PBXBuildFile; fileRef = 9D8AE90021BC14EA00BA2EF2 /* EventMessage.swift */; };
		9D8AE92C21BC14EA00BA2EF2 /* PostMessage.swift in Sources */ = {isa = PBXBuildFile; fileRef = 9D8AE90121BC14EA00BA2EF2 /* PostMessage.swift */; };
		9D8AE92D21BC14EA00BA2EF2 /* Message.swift in Sources */ = {isa = PBXBuildFile; fileRef = 9D8AE90221BC14EA00BA2EF2 /* Message.swift */; };
		9D8AE92E21BC14EA00BA2EF2 /* ImageMessage.swift in Sources */ = {isa = PBXBuildFile; fileRef = 9D8AE90321BC14EA00BA2EF2 /* ImageMessage.swift */; };
		9D8AE92F21BC14EA00BA2EF2 /* User.swift in Sources */ = {isa = PBXBuildFile; fileRef = 9D8AE90421BC14EA00BA2EF2 /* User.swift */; };
		9D8AE93021BC14EA00BA2EF2 /* LinkToken.swift in Sources */ = {isa = PBXBuildFile; fileRef = 9D8AE90521BC14EA00BA2EF2 /* LinkToken.swift */; };
		9D8AE93121BC14EA00BA2EF2 /* InsetLabel.swift in Sources */ = {isa = PBXBuildFile; fileRef = 9D8AE90721BC14EA00BA2EF2 /* InsetLabel.swift */; };
		9D8AE93221BC14EA00BA2EF2 /* InteractiveTextView.swift in Sources */ = {isa = PBXBuildFile; fileRef = 9D8AE90821BC14EA00BA2EF2 /* InteractiveTextView.swift */; };
		9D8AE93321BC14EA00BA2EF2 /* InteractiveButton.swift in Sources */ = {isa = PBXBuildFile; fileRef = 9D8AE90921BC14EA00BA2EF2 /* InteractiveButton.swift */; };
		9D8AE93421BC14EA00BA2EF2 /* InteractiveImageView.swift in Sources */ = {isa = PBXBuildFile; fileRef = 9D8AE90A21BC14EA00BA2EF2 /* InteractiveImageView.swift */; };
		9D8AE93521BC14EA00BA2EF2 /* MessageListDelegate.swift in Sources */ = {isa = PBXBuildFile; fileRef = 9D8AE90B21BC14EA00BA2EF2 /* MessageListDelegate.swift */; };
		9DB008E921B0CD8800358E85 /* ChatView.swift in Sources */ = {isa = PBXBuildFile; fileRef = 9DB0089921B0CD8700358E85 /* ChatView.swift */; };
		9DB008ED21B0D03F00358E85 /* RNTChatViewManager.m in Sources */ = {isa = PBXBuildFile; fileRef = 9DB008EC21B0D03F00358E85 /* RNTChatViewManager.m */; };
/* End PBXBuildFile section */

/* Begin PBXCopyFilesBuildPhase section */
		9DB005EC21AFD1F300358E85 /* CopyFiles */ = {
			isa = PBXCopyFilesBuildPhase;
			buildActionMask = 2147483647;
			dstPath = "include/$(PRODUCT_NAME)";
			dstSubfolderSpec = 16;
			files = (
				9D7F516721B2B86C00F04D5C /* RNTChatView.h in CopyFiles */,
			);
			runOnlyForDeploymentPostprocessing = 0;
		};
/* End PBXCopyFilesBuildPhase section */

/* Begin PBXFileReference section */
		9D76B85521CF746500A516C6 /* CameraViewDelegate.swift */ = {isa = PBXFileReference; fileEncoding = 4; lastKnownFileType = sourcecode.swift; path = CameraViewDelegate.swift; sourceTree = "<group>"; };
		9D76B85621CF746500A516C6 /* CameraViewConfiguration.swift */ = {isa = PBXFileReference; fileEncoding = 4; lastKnownFileType = sourcecode.swift; path = CameraViewConfiguration.swift; sourceTree = "<group>"; };
		9D76B85721CF746500A516C6 /* CameraViewController.swift */ = {isa = PBXFileReference; fileEncoding = 4; lastKnownFileType = sourcecode.swift; path = CameraViewController.swift; sourceTree = "<group>"; };
		9D76B85821CF746500A516C6 /* CameraView.swift */ = {isa = PBXFileReference; fileEncoding = 4; lastKnownFileType = sourcecode.swift; path = CameraView.swift; sourceTree = "<group>"; };
		9D76B85A21CF746500A516C6 /* FocusView.swift */ = {isa = PBXFileReference; fileEncoding = 4; lastKnownFileType = sourcecode.swift; path = FocusView.swift; sourceTree = "<group>"; };
		9D76B85B21CF746500A516C6 /* PreviewView.swift */ = {isa = PBXFileReference; fileEncoding = 4; lastKnownFileType = sourcecode.swift; path = PreviewView.swift; sourceTree = "<group>"; };
		9D76B85C21CF746500A516C6 /* CaptureView.swift */ = {isa = PBXFileReference; fileEncoding = 4; lastKnownFileType = sourcecode.swift; path = CaptureView.swift; sourceTree = "<group>"; };
		9D76B85D21CF746500A516C6 /* CameraManager.swift */ = {isa = PBXFileReference; fileEncoding = 4; lastKnownFileType = sourcecode.swift; path = CameraManager.swift; sourceTree = "<group>"; };
		9D76B85E21CF746500A516C6 /* Info.plist */ = {isa = PBXFileReference; fileEncoding = 4; lastKnownFileType = text.plist.xml; path = Info.plist; sourceTree = "<group>"; };
		9D76B85F21CF746500A516C6 /* MessageInputDelegate.swift */ = {isa = PBXFileReference; fileEncoding = 4; lastKnownFileType = sourcecode.swift; path = MessageInputDelegate.swift; sourceTree = "<group>"; };
		9D76B86121CF746500A516C6 /* SimpleButton.swift */ = {isa = PBXFileReference; fileEncoding = 4; lastKnownFileType = sourcecode.swift; path = SimpleButton.swift; sourceTree = "<group>"; };
		9D76B86321CF746500A516C6 /* ViewMode.swift */ = {isa = PBXFileReference; fileEncoding = 4; lastKnownFileType = sourcecode.swift; path = ViewMode.swift; sourceTree = "<group>"; };
		9D76B86521CF746500A516C6 /* EmotionPagerConfiguration.swift */ = {isa = PBXFileReference; fileEncoding = 4; lastKnownFileType = sourcecode.swift; path = EmotionPagerConfiguration.swift; sourceTree = "<group>"; };
		9D76B86621CF746500A516C6 /* EmotionTextareaConfiguration.swift */ = {isa = PBXFileReference; fileEncoding = 4; lastKnownFileType = sourcecode.swift; path = EmotionTextareaConfiguration.swift; sourceTree = "<group>"; };
		9D76B86921CF746500A516C6 /* EmotionIcon.swift */ = {isa = PBXFileReference; fileEncoding = 4; lastKnownFileType = sourcecode.swift; path = EmotionIcon.swift; sourceTree = "<group>"; };
		9D76B86A21CF746500A516C6 /* EmotionSet.swift */ = {isa = PBXFileReference; fileEncoding = 4; lastKnownFileType = sourcecode.swift; path = EmotionSet.swift; sourceTree = "<group>"; };
		9D76B86B21CF746500A516C6 /* Emotion.swift */ = {isa = PBXFileReference; fileEncoding = 4; lastKnownFileType = sourcecode.swift; path = Emotion.swift; sourceTree = "<group>"; };
		9D76B86C21CF746500A516C6 /* EmotionPage.swift */ = {isa = PBXFileReference; fileEncoding = 4; lastKnownFileType = sourcecode.swift; path = EmotionPage.swift; sourceTree = "<group>"; };
		9D76B86E21CF746500A516C6 /* EmotionCell.swift */ = {isa = PBXFileReference; fileEncoding = 4; lastKnownFileType = sourcecode.swift; path = EmotionCell.swift; sourceTree = "<group>"; };
		9D76B86F21CF746500A516C6 /* EmotionToolbar.swift */ = {isa = PBXFileReference; fileEncoding = 4; lastKnownFileType = sourcecode.swift; path = EmotionToolbar.swift; sourceTree = "<group>"; };
		9D76B87021CF746500A516C6 /* EmotionTextarea.swift */ = {isa = PBXFileReference; fileEncoding = 4; lastKnownFileType = sourcecode.swift; path = EmotionTextarea.swift; sourceTree = "<group>"; };
		9D76B87121CF746500A516C6 /* EmotionGrid.swift */ = {isa = PBXFileReference; fileEncoding = 4; lastKnownFileType = sourcecode.swift; path = EmotionGrid.swift; sourceTree = "<group>"; };
		9D76B87221CF746500A516C6 /* EmotionAttachment.swift */ = {isa = PBXFileReference; fileEncoding = 4; lastKnownFileType = sourcecode.swift; path = EmotionAttachment.swift; sourceTree = "<group>"; };
		9D76B87321CF746500A516C6 /* EmotionPager.swift */ = {isa = PBXFileReference; fileEncoding = 4; lastKnownFileType = sourcecode.swift; path = EmotionPager.swift; sourceTree = "<group>"; };
		9D76B87521CF746500A516C6 /* EmojiFilter.swift */ = {isa = PBXFileReference; fileEncoding = 4; lastKnownFileType = sourcecode.swift; path = EmojiFilter.swift; sourceTree = "<group>"; };
		9D76B87621CF746500A516C6 /* BracketFilter.swift */ = {isa = PBXFileReference; fileEncoding = 4; lastKnownFileType = sourcecode.swift; path = BracketFilter.swift; sourceTree = "<group>"; };
		9D76B87721CF746500A516C6 /* EmotionFilter.swift */ = {isa = PBXFileReference; fileEncoding = 4; lastKnownFileType = sourcecode.swift; path = EmotionFilter.swift; sourceTree = "<group>"; };
		9D76B87B21CF746500A516C6 /* VoiceInput.swift */ = {isa = PBXFileReference; fileEncoding = 4; lastKnownFileType = sourcecode.swift; path = VoiceInput.swift; sourceTree = "<group>"; };
		9D76B87D21CF746500A516C6 /* VoiceInputConfiguration.swift */ = {isa = PBXFileReference; fileEncoding = 4; lastKnownFileType = sourcecode.swift; path = VoiceInputConfiguration.swift; sourceTree = "<group>"; };
		9D76B87E21CF746500A516C6 /* VoiceInputDelegate.swift */ = {isa = PBXFileReference; fileEncoding = 4; lastKnownFileType = sourcecode.swift; path = VoiceInputDelegate.swift; sourceTree = "<group>"; };
		9D76B87F21CF746500A516C6 /* VoiceManager.swift */ = {isa = PBXFileReference; fileEncoding = 4; lastKnownFileType = sourcecode.swift; path = VoiceManager.swift; sourceTree = "<group>"; };
		9D76B88121CF746500A516C6 /* CircleView.swift */ = {isa = PBXFileReference; fileEncoding = 4; lastKnownFileType = sourcecode.swift; path = CircleView.swift; sourceTree = "<group>"; };
		9D76B88221CF746500A516C6 /* CircleViewDelegate.swift */ = {isa = PBXFileReference; fileEncoding = 4; lastKnownFileType = sourcecode.swift; path = CircleViewDelegate.swift; sourceTree = "<group>"; };
		9D76B88321CF746500A516C6 /* MessageInput.swift */ = {isa = PBXFileReference; fileEncoding = 4; lastKnownFileType = sourcecode.swift; path = MessageInput.swift; sourceTree = "<group>"; };
		9D76B88521CF746500A516C6 /* ImageFile.swift */ = {isa = PBXFileReference; fileEncoding = 4; lastKnownFileType = sourcecode.swift; path = ImageFile.swift; sourceTree = "<group>"; };
		9D76B88721CF746500A516C6 /* RoundView.swift */ = {isa = PBXFileReference; fileEncoding = 4; lastKnownFileType = sourcecode.swift; path = RoundView.swift; sourceTree = "<group>"; };
		9D76B88821CF746500A516C6 /* RoundViewDelegate.swift */ = {isa = PBXFileReference; fileEncoding = 4; lastKnownFileType = sourcecode.swift; path = RoundViewDelegate.swift; sourceTree = "<group>"; };
		9D76B88A21CF746500A516C6 /* FeatureButton.swift */ = {isa = PBXFileReference; fileEncoding = 4; lastKnownFileType = sourcecode.swift; path = FeatureButton.swift; sourceTree = "<group>"; };
		9D76B88B21CF746500A516C6 /* MessageInputConfiguration.swift */ = {isa = PBXFileReference; fileEncoding = 4; lastKnownFileType = sourcecode.swift; path = MessageInputConfiguration.swift; sourceTree = "<group>"; };
		9D76B88E21CF746500A516C6 /* DotIndicator.swift */ = {isa = PBXFileReference; fileEncoding = 4; lastKnownFileType = sourcecode.swift; path = DotIndicator.swift; sourceTree = "<group>"; };
		9D7F516321B2A7A400F04D5C /* RNTChatView.h */ = {isa = PBXFileReference; lastKnownFileType = sourcecode.c.h; path = RNTChatView.h; sourceTree = "<group>"; };
		9D7F516421B2A7A400F04D5C /* RNTChatView.m */ = {isa = PBXFileReference; lastKnownFileType = sourcecode.c.objc; path = RNTChatView.m; sourceTree = "<group>"; };
		9D7F521B21B3E6F600F04D5C /* Assets.xcassets */ = {isa = PBXFileReference; lastKnownFileType = folder.assetcatalog; path = Assets.xcassets; sourceTree = "<group>"; };
		9D8AE8DE21BC14EA00BA2EF2 /* MessageListConfiguration.swift */ = {isa = PBXFileReference; fileEncoding = 4; lastKnownFileType = sourcecode.swift; path = MessageListConfiguration.swift; sourceTree = "<group>"; };
		9D8AE8E021BC14EA00BA2EF2 /* AudioPlayer.swift */ = {isa = PBXFileReference; fileEncoding = 4; lastKnownFileType = sourcecode.swift; path = AudioPlayer.swift; sourceTree = "<group>"; };
		9D8AE8E121BC14EA00BA2EF2 /* AudioPlayerDelegate.swift */ = {isa = PBXFileReference; fileEncoding = 4; lastKnownFileType = sourcecode.swift; path = AudioPlayerDelegate.swift; sourceTree = "<group>"; };
		9D8AE8E321BC14EA00BA2EF2 /* MessageStatus.swift */ = {isa = PBXFileReference; fileEncoding = 4; lastKnownFileType = sourcecode.swift; path = MessageStatus.swift; sourceTree = "<group>"; };
		9D8AE8E421BC14EA00BA2EF2 /* SoundMode.swift */ = {isa = PBXFileReference; fileEncoding = 4; lastKnownFileType = sourcecode.swift; path = SoundMode.swift; sourceTree = "<group>"; };
		9D8AE8E521BC14EA00BA2EF2 /* MessageList.swift */ = {isa = PBXFileReference; fileEncoding = 4; lastKnownFileType = sourcecode.swift; path = MessageList.swift; sourceTree = "<group>"; };
		9D8AE8E721BC14EA00BA2EF2 /* RightCardMessageCell.swift */ = {isa = PBXFileReference; fileEncoding = 4; lastKnownFileType = sourcecode.swift; path = RightCardMessageCell.swift; sourceTree = "<group>"; };
		9D8AE8E821BC14EA00BA2EF2 /* EventMessageCell.swift */ = {isa = PBXFileReference; fileEncoding = 4; lastKnownFileType = sourcecode.swift; path = EventMessageCell.swift; sourceTree = "<group>"; };
		9D8AE8E921BC14EA00BA2EF2 /* RightPostMessageCell.swift */ = {isa = PBXFileReference; fileEncoding = 4; lastKnownFileType = sourcecode.swift; path = RightPostMessageCell.swift; sourceTree = "<group>"; };
		9D8AE8EA21BC14EA00BA2EF2 /* LeftAudioMessageCell.swift */ = {isa = PBXFileReference; fileEncoding = 4; lastKnownFileType = sourcecode.swift; path = LeftAudioMessageCell.swift; sourceTree = "<group>"; };
		9D8AE8EB21BC14EA00BA2EF2 /* RightTextMessageCell.swift */ = {isa = PBXFileReference; fileEncoding = 4; lastKnownFileType = sourcecode.swift; path = RightTextMessageCell.swift; sourceTree = "<group>"; };
		9D8AE8EC21BC14EA00BA2EF2 /* RightImageMessage.swift */ = {isa = PBXFileReference; fileEncoding = 4; lastKnownFileType = sourcecode.swift; path = RightImageMessage.swift; sourceTree = "<group>"; };
		9D8AE8ED21BC14EA00BA2EF2 /* LeftImageMessageCell.swift */ = {isa = PBXFileReference; fileEncoding = 4; lastKnownFileType = sourcecode.swift; path = LeftImageMessageCell.swift; sourceTree = "<group>"; };
		9D8AE8EE21BC14EA00BA2EF2 /* LeftVideoMessageCell.swift */ = {isa = PBXFileReference; fileEncoding = 4; lastKnownFileType = sourcecode.swift; path = LeftVideoMessageCell.swift; sourceTree = "<group>"; };
		9D8AE8EF21BC14EA00BA2EF2 /* LeftTextMessageCell.swift */ = {isa = PBXFileReference; fileEncoding = 4; lastKnownFileType = sourcecode.swift; path = LeftTextMessageCell.swift; sourceTree = "<group>"; };
		9D8AE8F021BC14EA00BA2EF2 /* PostMessageCell.swift */ = {isa = PBXFileReference; fileEncoding = 4; lastKnownFileType = sourcecode.swift; path = PostMessageCell.swift; sourceTree = "<group>"; };
		9D8AE8F121BC14EA00BA2EF2 /* TextMessageCell.swift */ = {isa = PBXFileReference; fileEncoding = 4; lastKnownFileType = sourcecode.swift; path = TextMessageCell.swift; sourceTree = "<group>"; };
		9D8AE8F221BC14EA00BA2EF2 /* LeftPostMessageCell.swift */ = {isa = PBXFileReference; fileEncoding = 4; lastKnownFileType = sourcecode.swift; path = LeftPostMessageCell.swift; sourceTree = "<group>"; };
		9D8AE8F321BC14EA00BA2EF2 /* RightAudioMessageCell.swift */ = {isa = PBXFileReference; fileEncoding = 4; lastKnownFileType = sourcecode.swift; path = RightAudioMessageCell.swift; sourceTree = "<group>"; };
		9D8AE8F421BC14EA00BA2EF2 /* ImageMessageCell.swift */ = {isa = PBXFileReference; fileEncoding = 4; lastKnownFileType = sourcecode.swift; path = ImageMessageCell.swift; sourceTree = "<group>"; };
		9D8AE8F521BC14EA00BA2EF2 /* LeftCardMessageCell.swift */ = {isa = PBXFileReference; fileEncoding = 4; lastKnownFileType = sourcecode.swift; path = LeftCardMessageCell.swift; sourceTree = "<group>"; };
		9D8AE8F621BC14EA00BA2EF2 /* CardMessageCell.swift */ = {isa = PBXFileReference; fileEncoding = 4; lastKnownFileType = sourcecode.swift; path = CardMessageCell.swift; sourceTree = "<group>"; };
		9D8AE8F721BC14EA00BA2EF2 /* VideoMessageCell.swift */ = {isa = PBXFileReference; fileEncoding = 4; lastKnownFileType = sourcecode.swift; path = VideoMessageCell.swift; sourceTree = "<group>"; };
		9D8AE8F821BC14EA00BA2EF2 /* MessageCell.swift */ = {isa = PBXFileReference; fileEncoding = 4; lastKnownFileType = sourcecode.swift; path = MessageCell.swift; sourceTree = "<group>"; };
		9D8AE8F921BC14EA00BA2EF2 /* RightVideoMessageCell.swift */ = {isa = PBXFileReference; fileEncoding = 4; lastKnownFileType = sourcecode.swift; path = RightVideoMessageCell.swift; sourceTree = "<group>"; };
		9D8AE8FA21BC14EA00BA2EF2 /* AudioMessageCell.swift */ = {isa = PBXFileReference; fileEncoding = 4; lastKnownFileType = sourcecode.swift; path = AudioMessageCell.swift; sourceTree = "<group>"; };
		9D8AE8FC21BC14EA00BA2EF2 /* AudioMessage.swift */ = {isa = PBXFileReference; fileEncoding = 4; lastKnownFileType = sourcecode.swift; path = AudioMessage.swift; sourceTree = "<group>"; };
		9D8AE8FD21BC14EA00BA2EF2 /* TextMessage.swift */ = {isa = PBXFileReference; fileEncoding = 4; lastKnownFileType = sourcecode.swift; path = TextMessage.swift; sourceTree = "<group>"; };
		9D8AE8FE21BC14EA00BA2EF2 /* VideoMessage.swift */ = {isa = PBXFileReference; fileEncoding = 4; lastKnownFileType = sourcecode.swift; path = VideoMessage.swift; sourceTree = "<group>"; };
		9D8AE8FF21BC14EA00BA2EF2 /* CardMessage.swift */ = {isa = PBXFileReference; fileEncoding = 4; lastKnownFileType = sourcecode.swift; path = CardMessage.swift; sourceTree = "<group>"; };
		9D8AE90021BC14EA00BA2EF2 /* EventMessage.swift */ = {isa = PBXFileReference; fileEncoding = 4; lastKnownFileType = sourcecode.swift; path = EventMessage.swift; sourceTree = "<group>"; };
		9D8AE90121BC14EA00BA2EF2 /* PostMessage.swift */ = {isa = PBXFileReference; fileEncoding = 4; lastKnownFileType = sourcecode.swift; path = PostMessage.swift; sourceTree = "<group>"; };
		9D8AE90221BC14EA00BA2EF2 /* Message.swift */ = {isa = PBXFileReference; fileEncoding = 4; lastKnownFileType = sourcecode.swift; path = Message.swift; sourceTree = "<group>"; };
		9D8AE90321BC14EA00BA2EF2 /* ImageMessage.swift */ = {isa = PBXFileReference; fileEncoding = 4; lastKnownFileType = sourcecode.swift; path = ImageMessage.swift; sourceTree = "<group>"; };
		9D8AE90421BC14EA00BA2EF2 /* User.swift */ = {isa = PBXFileReference; fileEncoding = 4; lastKnownFileType = sourcecode.swift; path = User.swift; sourceTree = "<group>"; };
		9D8AE90521BC14EA00BA2EF2 /* LinkToken.swift */ = {isa = PBXFileReference; fileEncoding = 4; lastKnownFileType = sourcecode.swift; path = LinkToken.swift; sourceTree = "<group>"; };
		9D8AE90721BC14EA00BA2EF2 /* InsetLabel.swift */ = {isa = PBXFileReference; fileEncoding = 4; lastKnownFileType = sourcecode.swift; path = InsetLabel.swift; sourceTree = "<group>"; };
		9D8AE90821BC14EA00BA2EF2 /* InteractiveTextView.swift */ = {isa = PBXFileReference; fileEncoding = 4; lastKnownFileType = sourcecode.swift; path = InteractiveTextView.swift; sourceTree = "<group>"; };
		9D8AE90921BC14EA00BA2EF2 /* InteractiveButton.swift */ = {isa = PBXFileReference; fileEncoding = 4; lastKnownFileType = sourcecode.swift; path = InteractiveButton.swift; sourceTree = "<group>"; };
		9D8AE90A21BC14EA00BA2EF2 /* InteractiveImageView.swift */ = {isa = PBXFileReference; fileEncoding = 4; lastKnownFileType = sourcecode.swift; path = InteractiveImageView.swift; sourceTree = "<group>"; };
		9D8AE90B21BC14EA00BA2EF2 /* MessageListDelegate.swift */ = {isa = PBXFileReference; fileEncoding = 4; lastKnownFileType = sourcecode.swift; path = MessageListDelegate.swift; sourceTree = "<group>"; };
		9DB005EE21AFD1F300358E85 /* libRNTChatView.a */ = {isa = PBXFileReference; explicitFileType = archive.ar; includeInIndex = 0; path = libRNTChatView.a; sourceTree = BUILT_PRODUCTS_DIR; };
		9DB006C221B02A6900358E85 /* RNTChatView-Bridging-Header.h */ = {isa = PBXFileReference; lastKnownFileType = sourcecode.c.h; path = "RNTChatView-Bridging-Header.h"; sourceTree = "<group>"; };
		9DB0089921B0CD8700358E85 /* ChatView.swift */ = {isa = PBXFileReference; fileEncoding = 4; lastKnownFileType = sourcecode.swift; path = ChatView.swift; sourceTree = "<group>"; };
		9DB008EB21B0D03F00358E85 /* RNTChatViewManager.h */ = {isa = PBXFileReference; lastKnownFileType = sourcecode.c.h; name = RNTChatViewManager.h; path = RNTChatView/RNTChatViewManager.h; sourceTree = SOURCE_ROOT; };
		9DB008EC21B0D03F00358E85 /* RNTChatViewManager.m */ = {isa = PBXFileReference; lastKnownFileType = sourcecode.c.objc; name = RNTChatViewManager.m; path = RNTChatView/RNTChatViewManager.m; sourceTree = SOURCE_ROOT; };
/* End PBXFileReference section */

/* Begin PBXFrameworksBuildPhase section */
		9DB005EB21AFD1F300358E85 /* Frameworks */ = {
			isa = PBXFrameworksBuildPhase;
			buildActionMask = 2147483647;
			files = (
			);
			runOnlyForDeploymentPostprocessing = 0;
		};
/* End PBXFrameworksBuildPhase section */

/* Begin PBXGroup section */
		9D76B85321CF746500A516C6 /* MessageInput */ = {
			isa = PBXGroup;
			children = (
				9D76B85421CF746500A516C6 /* CameraView */,
				9D76B85F21CF746500A516C6 /* MessageInputDelegate.swift */,
				9D76B86021CF746500A516C6 /* SimpleButton */,
				9D76B86221CF746500A516C6 /* enum */,
				9D76B86421CF746500A516C6 /* EmotionInput */,
				9D76B87921CF746500A516C6 /* VoiceInput */,
				9D76B88021CF746500A516C6 /* CircleView */,
				9D76B88321CF746500A516C6 /* MessageInput.swift */,
				9D76B88421CF746500A516C6 /* model */,
				9D76B88621CF746500A516C6 /* RoundView */,
				9D76B88921CF746500A516C6 /* view */,
				9D76B88B21CF746500A516C6 /* MessageInputConfiguration.swift */,
				9D76B88D21CF746500A516C6 /* DotIndicator */,
			);
			path = MessageInput;
			sourceTree = "<group>";
		};
		9D76B85421CF746500A516C6 /* CameraView */ = {
			isa = PBXGroup;
			children = (
				9D76B85521CF746500A516C6 /* CameraViewDelegate.swift */,
				9D76B85621CF746500A516C6 /* CameraViewConfiguration.swift */,
				9D76B85721CF746500A516C6 /* CameraViewController.swift */,
				9D76B85821CF746500A516C6 /* CameraView.swift */,
				9D76B85921CF746500A516C6 /* view */,
				9D76B85D21CF746500A516C6 /* CameraManager.swift */,
				9D76B85E21CF746500A516C6 /* Info.plist */,
			);
			path = CameraView;
			sourceTree = "<group>";
		};
		9D76B85921CF746500A516C6 /* view */ = {
			isa = PBXGroup;
			children = (
				9D76B85A21CF746500A516C6 /* FocusView.swift */,
				9D76B85B21CF746500A516C6 /* PreviewView.swift */,
				9D76B85C21CF746500A516C6 /* CaptureView.swift */,
			);
			path = view;
			sourceTree = "<group>";
		};
		9D76B86021CF746500A516C6 /* SimpleButton */ = {
			isa = PBXGroup;
			children = (
				9D76B86121CF746500A516C6 /* SimpleButton.swift */,
			);
			path = SimpleButton;
			sourceTree = "<group>";
		};
		9D76B86221CF746500A516C6 /* enum */ = {
			isa = PBXGroup;
			children = (
				9D76B86321CF746500A516C6 /* ViewMode.swift */,
			);
			path = enum;
			sourceTree = "<group>";
		};
		9D76B86421CF746500A516C6 /* EmotionInput */ = {
			isa = PBXGroup;
			children = (
				9D76B86521CF746500A516C6 /* EmotionPagerConfiguration.swift */,
				9D76B86621CF746500A516C6 /* EmotionTextareaConfiguration.swift */,
				9D76B86721CF746500A516C6 /* SimpleButton */,
				9D76B86821CF746500A516C6 /* model */,
				9D76B86D21CF746500A516C6 /* view */,
				9D76B87421CF746500A516C6 /* filter */,
				9D76B87821CF746500A516C6 /* DotIndicator */,
			);
			path = EmotionInput;
			sourceTree = "<group>";
		};
		9D76B86721CF746500A516C6 /* SimpleButton */ = {
			isa = PBXGroup;
			children = (
			);
			path = SimpleButton;
			sourceTree = "<group>";
		};
		9D76B86821CF746500A516C6 /* model */ = {
			isa = PBXGroup;
			children = (
				9D76B86921CF746500A516C6 /* EmotionIcon.swift */,
				9D76B86A21CF746500A516C6 /* EmotionSet.swift */,
				9D76B86B21CF746500A516C6 /* Emotion.swift */,
				9D76B86C21CF746500A516C6 /* EmotionPage.swift */,
			);
			path = model;
			sourceTree = "<group>";
		};
		9D76B86D21CF746500A516C6 /* view */ = {
			isa = PBXGroup;
			children = (
				9D76B86E21CF746500A516C6 /* EmotionCell.swift */,
				9D76B86F21CF746500A516C6 /* EmotionToolbar.swift */,
				9D76B87021CF746500A516C6 /* EmotionTextarea.swift */,
				9D76B87121CF746500A516C6 /* EmotionGrid.swift */,
				9D76B87221CF746500A516C6 /* EmotionAttachment.swift */,
				9D76B87321CF746500A516C6 /* EmotionPager.swift */,
			);
			path = view;
			sourceTree = "<group>";
		};
		9D76B87421CF746500A516C6 /* filter */ = {
			isa = PBXGroup;
			children = (
				9D76B87521CF746500A516C6 /* EmojiFilter.swift */,
				9D76B87621CF746500A516C6 /* BracketFilter.swift */,
				9D76B87721CF746500A516C6 /* EmotionFilter.swift */,
			);
			path = filter;
			sourceTree = "<group>";
		};
		9D76B87821CF746500A516C6 /* DotIndicator */ = {
			isa = PBXGroup;
			children = (
			);
			path = DotIndicator;
			sourceTree = "<group>";
		};
		9D76B87921CF746500A516C6 /* VoiceInput */ = {
			isa = PBXGroup;
			children = (
				9D76B87A21CF746500A516C6 /* SimpleButton */,
				9D76B87B21CF746500A516C6 /* VoiceInput.swift */,
				9D76B87C21CF746500A516C6 /* CircleView */,
				9D76B87D21CF746500A516C6 /* VoiceInputConfiguration.swift */,
				9D76B87E21CF746500A516C6 /* VoiceInputDelegate.swift */,
				9D76B87F21CF746500A516C6 /* VoiceManager.swift */,
			);
			path = VoiceInput;
			sourceTree = "<group>";
		};
		9D76B87A21CF746500A516C6 /* SimpleButton */ = {
			isa = PBXGroup;
			children = (
			);
			path = SimpleButton;
			sourceTree = "<group>";
		};
		9D76B87C21CF746500A516C6 /* CircleView */ = {
			isa = PBXGroup;
			children = (
			);
			path = CircleView;
			sourceTree = "<group>";
		};
		9D76B88021CF746500A516C6 /* CircleView */ = {
			isa = PBXGroup;
			children = (
				9D76B88121CF746500A516C6 /* CircleView.swift */,
				9D76B88221CF746500A516C6 /* CircleViewDelegate.swift */,
			);
			path = CircleView;
			sourceTree = "<group>";
		};
		9D76B88421CF746500A516C6 /* model */ = {
			isa = PBXGroup;
			children = (
				9D76B88521CF746500A516C6 /* ImageFile.swift */,
			);
			path = model;
			sourceTree = "<group>";
		};
		9D76B88621CF746500A516C6 /* RoundView */ = {
			isa = PBXGroup;
			children = (
				9D76B88721CF746500A516C6 /* RoundView.swift */,
				9D76B88821CF746500A516C6 /* RoundViewDelegate.swift */,
			);
			path = RoundView;
			sourceTree = "<group>";
		};
		9D76B88921CF746500A516C6 /* view */ = {
			isa = PBXGroup;
			children = (
				9D76B88A21CF746500A516C6 /* FeatureButton.swift */,
			);
			path = view;
			sourceTree = "<group>";
		};
		9D76B88D21CF746500A516C6 /* DotIndicator */ = {
			isa = PBXGroup;
			children = (
				9D76B88E21CF746500A516C6 /* DotIndicator.swift */,
			);
			path = DotIndicator;
			sourceTree = "<group>";
		};
		9D7F516821B3E6B500F04D5C /* ChatView */ = {
			isa = PBXGroup;
			children = (
				9D76B85321CF746500A516C6 /* MessageInput */,
				9D8AE8DD21BC14EA00BA2EF2 /* MessageList */,
			);
			path = ChatView;
			sourceTree = "<group>";
		};
		9D8AE8DD21BC14EA00BA2EF2 /* MessageList */ = {
			isa = PBXGroup;
			children = (
				9D8AE8DE21BC14EA00BA2EF2 /* MessageListConfiguration.swift */,
				9D8AE8DF21BC14EA00BA2EF2 /* util */,
				9D8AE8E221BC14EA00BA2EF2 /* enum */,
				9D8AE8E521BC14EA00BA2EF2 /* MessageList.swift */,
				9D8AE8E621BC14EA00BA2EF2 /* holder */,
				9D8AE8FB21BC14EA00BA2EF2 /* model */,
				9D8AE90621BC14EA00BA2EF2 /* view */,
				9D8AE90B21BC14EA00BA2EF2 /* MessageListDelegate.swift */,
			);
			path = MessageList;
			sourceTree = "<group>";
		};
		9D8AE8DF21BC14EA00BA2EF2 /* util */ = {
			isa = PBXGroup;
			children = (
				9D8AE8E021BC14EA00BA2EF2 /* AudioPlayer.swift */,
				9D8AE8E121BC14EA00BA2EF2 /* AudioPlayerDelegate.swift */,
			);
			path = util;
			sourceTree = "<group>";
		};
		9D8AE8E221BC14EA00BA2EF2 /* enum */ = {
			isa = PBXGroup;
			children = (
				9D8AE8E321BC14EA00BA2EF2 /* MessageStatus.swift */,
				9D8AE8E421BC14EA00BA2EF2 /* SoundMode.swift */,
			);
			path = enum;
			sourceTree = "<group>";
		};
		9D8AE8E621BC14EA00BA2EF2 /* holder */ = {
			isa = PBXGroup;
			children = (
				9D8AE8E721BC14EA00BA2EF2 /* RightCardMessageCell.swift */,
				9D8AE8E821BC14EA00BA2EF2 /* EventMessageCell.swift */,
				9D8AE8E921BC14EA00BA2EF2 /* RightPostMessageCell.swift */,
				9D8AE8EA21BC14EA00BA2EF2 /* LeftAudioMessageCell.swift */,
				9D8AE8EB21BC14EA00BA2EF2 /* RightTextMessageCell.swift */,
				9D8AE8EC21BC14EA00BA2EF2 /* RightImageMessage.swift */,
				9D8AE8ED21BC14EA00BA2EF2 /* LeftImageMessageCell.swift */,
				9D8AE8EE21BC14EA00BA2EF2 /* LeftVideoMessageCell.swift */,
				9D8AE8EF21BC14EA00BA2EF2 /* LeftTextMessageCell.swift */,
				9D8AE8F021BC14EA00BA2EF2 /* PostMessageCell.swift */,
				9D8AE8F121BC14EA00BA2EF2 /* TextMessageCell.swift */,
				9D8AE8F221BC14EA00BA2EF2 /* LeftPostMessageCell.swift */,
				9D8AE8F321BC14EA00BA2EF2 /* RightAudioMessageCell.swift */,
				9D8AE8F421BC14EA00BA2EF2 /* ImageMessageCell.swift */,
				9D8AE8F521BC14EA00BA2EF2 /* LeftCardMessageCell.swift */,
				9D8AE8F621BC14EA00BA2EF2 /* CardMessageCell.swift */,
				9D8AE8F721BC14EA00BA2EF2 /* VideoMessageCell.swift */,
				9D8AE8F821BC14EA00BA2EF2 /* MessageCell.swift */,
				9D8AE8F921BC14EA00BA2EF2 /* RightVideoMessageCell.swift */,
				9D8AE8FA21BC14EA00BA2EF2 /* AudioMessageCell.swift */,
			);
			path = holder;
			sourceTree = "<group>";
		};
		9D8AE8FB21BC14EA00BA2EF2 /* model */ = {
			isa = PBXGroup;
			children = (
				9D8AE8FC21BC14EA00BA2EF2 /* AudioMessage.swift */,
				9D8AE8FD21BC14EA00BA2EF2 /* TextMessage.swift */,
				9D8AE8FE21BC14EA00BA2EF2 /* VideoMessage.swift */,
				9D8AE8FF21BC14EA00BA2EF2 /* CardMessage.swift */,
				9D8AE90021BC14EA00BA2EF2 /* EventMessage.swift */,
				9D8AE90121BC14EA00BA2EF2 /* PostMessage.swift */,
				9D8AE90221BC14EA00BA2EF2 /* Message.swift */,
				9D8AE90321BC14EA00BA2EF2 /* ImageMessage.swift */,
				9D8AE90421BC14EA00BA2EF2 /* User.swift */,
				9D8AE90521BC14EA00BA2EF2 /* LinkToken.swift */,
			);
			path = model;
			sourceTree = "<group>";
		};
		9D8AE90621BC14EA00BA2EF2 /* view */ = {
			isa = PBXGroup;
			children = (
				9D8AE90721BC14EA00BA2EF2 /* InsetLabel.swift */,
				9D8AE90821BC14EA00BA2EF2 /* InteractiveTextView.swift */,
				9D8AE90921BC14EA00BA2EF2 /* InteractiveButton.swift */,
				9D8AE90A21BC14EA00BA2EF2 /* InteractiveImageView.swift */,
			);
			path = view;
			sourceTree = "<group>";
		};
		9DB005E521AFD1F300358E85 = {
			isa = PBXGroup;
			children = (
				9DB005F021AFD1F300358E85 /* RNTChatView */,
				9DB005EF21AFD1F300358E85 /* Products */,
			);
			sourceTree = "<group>";
		};
		9DB005EF21AFD1F300358E85 /* Products */ = {
			isa = PBXGroup;
			children = (
				9DB005EE21AFD1F300358E85 /* libRNTChatView.a */,
			);
			name = Products;
			sourceTree = "<group>";
		};
		9DB005F021AFD1F300358E85 /* RNTChatView */ = {
			isa = PBXGroup;
			children = (
				9D7F516821B3E6B500F04D5C /* ChatView */,
				9DB008EB21B0D03F00358E85 /* RNTChatViewManager.h */,
				9DB008EC21B0D03F00358E85 /* RNTChatViewManager.m */,
				9DB006C221B02A6900358E85 /* RNTChatView-Bridging-Header.h */,
				9DB0089921B0CD8700358E85 /* ChatView.swift */,
				9D7F516321B2A7A400F04D5C /* RNTChatView.h */,
				9D7F516421B2A7A400F04D5C /* RNTChatView.m */,
				9D7F521B21B3E6F600F04D5C /* Assets.xcassets */,
			);
			path = RNTChatView;
			sourceTree = "<group>";
		};
/* End PBXGroup section */

/* Begin PBXNativeTarget section */
		9DB005ED21AFD1F300358E85 /* RNTChatView */ = {
			isa = PBXNativeTarget;
			buildConfigurationList = 9DB005F721AFD1F300358E85 /* Build configuration list for PBXNativeTarget "RNTChatView" */;
			buildPhases = (
				9DB005EA21AFD1F300358E85 /* Sources */,
				9DB005EB21AFD1F300358E85 /* Frameworks */,
				9DB005EC21AFD1F300358E85 /* CopyFiles */,
				9D43DCD721B29B6E001C2538 /* Resources */,
			);
			buildRules = (
			);
			dependencies = (
			);
			name = RNTChatView;
			productName = RNTChatView;
			productReference = 9DB005EE21AFD1F300358E85 /* libRNTChatView.a */;
			productType = "com.apple.product-type.library.static";
		};
/* End PBXNativeTarget section */

/* Begin PBXProject section */
		9DB005E621AFD1F300358E85 /* Project object */ = {
			isa = PBXProject;
			attributes = {
				LastUpgradeCheck = 0940;
				ORGANIZATIONNAME = finstao;
				TargetAttributes = {
					9DB005ED21AFD1F300358E85 = {
						CreatedOnToolsVersion = 9.4.1;
						LastSwiftMigration = 0940;
					};
				};
			};
			buildConfigurationList = 9DB005E921AFD1F300358E85 /* Build configuration list for PBXProject "RNTChatView" */;
			compatibilityVersion = "Xcode 9.3";
			developmentRegion = en;
			hasScannedForEncodings = 0;
			knownRegions = (
				en,
			);
			mainGroup = 9DB005E521AFD1F300358E85;
			productRefGroup = 9DB005EF21AFD1F300358E85 /* Products */;
			projectDirPath = "";
			projectRoot = "";
			targets = (
				9DB005ED21AFD1F300358E85 /* RNTChatView */,
			);
		};
/* End PBXProject section */

/* Begin PBXResourcesBuildPhase section */
		9D43DCD721B29B6E001C2538 /* Resources */ = {
			isa = PBXResourcesBuildPhase;
			buildActionMask = 2147483647;
			files = (
				9D76B89721CF746500A516C6 /* Info.plist in Resources */,
				9D7F521C21B3E6F600F04D5C /* Assets.xcassets in Resources */,
			);
			runOnlyForDeploymentPostprocessing = 0;
		};
/* End PBXResourcesBuildPhase section */

/* Begin PBXSourcesBuildPhase section */
		9DB005EA21AFD1F300358E85 /* Sources */ = {
			isa = PBXSourcesBuildPhase;
			buildActionMask = 2147483647;
			files = (
				9D8AE92521BC14EA00BA2EF2 /* RightVideoMessageCell.swift in Sources */,
				9D76B89321CF746500A516C6 /* FocusView.swift in Sources */,
				9D76B8A621CF746500A516C6 /* EmotionPager.swift in Sources */,
				9D8AE91821BC14EA00BA2EF2 /* RightImageMessage.swift in Sources */,
				9D76B8AC21CF746500A516C6 /* VoiceInputDelegate.swift in Sources */,
				9D8AE90F21BC14EA00BA2EF2 /* AudioPlayerDelegate.swift in Sources */,
				9D8AE92E21BC14EA00BA2EF2 /* ImageMessage.swift in Sources */,
				9DB008ED21B0D03F00358E85 /* RNTChatViewManager.m in Sources */,
				9D76B8A521CF746500A516C6 /* EmotionAttachment.swift in Sources */,
				9D8AE92A21BC14EA00BA2EF2 /* CardMessage.swift in Sources */,
				9D8AE93521BC14EA00BA2EF2 /* MessageListDelegate.swift in Sources */,
				9D8AE92421BC14EA00BA2EF2 /* MessageCell.swift in Sources */,
				9D76B8A321CF746500A516C6 /* EmotionTextarea.swift in Sources */,
				9D8AE92121BC14EA00BA2EF2 /* LeftCardMessageCell.swift in Sources */,
				9D8AE92721BC14EA00BA2EF2 /* AudioMessage.swift in Sources */,
				9D76B89F21CF746500A516C6 /* Emotion.swift in Sources */,
				9D76B8B321CF746500A516C6 /* RoundViewDelegate.swift in Sources */,
				9DB008E921B0CD8800358E85 /* ChatView.swift in Sources */,
				9D76B8B021CF746500A516C6 /* MessageInput.swift in Sources */,
				9D8AE92321BC14EA00BA2EF2 /* VideoMessageCell.swift in Sources */,
				9D8AE91121BC14EA00BA2EF2 /* SoundMode.swift in Sources */,
				9D76B89621CF746500A516C6 /* CameraManager.swift in Sources */,
				9D8AE93321BC14EA00BA2EF2 /* InteractiveButton.swift in Sources */,
				9D76B8AE21CF746500A516C6 /* CircleView.swift in Sources */,
				9D8AE91A21BC14EA00BA2EF2 /* LeftVideoMessageCell.swift in Sources */,
				9D76B89921CF746500A516C6 /* SimpleButton.swift in Sources */,
				9D76B89221CF746500A516C6 /* CameraView.swift in Sources */,
				9D76B8A421CF746500A516C6 /* EmotionGrid.swift in Sources */,
				9D8AE92821BC14EA00BA2EF2 /* TextMessage.swift in Sources */,
				9D8AE93221BC14EA00BA2EF2 /* InteractiveTextView.swift in Sources */,
				9D76B8AA21CF746500A516C6 /* VoiceInput.swift in Sources */,
				9D76B8A221CF746500A516C6 /* EmotionToolbar.swift in Sources */,
				9D76B89821CF746500A516C6 /* MessageInputDelegate.swift in Sources */,
				9D8AE92C21BC14EA00BA2EF2 /* PostMessage.swift in Sources */,
				9D76B8B121CF746500A516C6 /* ImageFile.swift in Sources */,
				9D8AE91521BC14EA00BA2EF2 /* RightPostMessageCell.swift in Sources */,
				9D76B8A121CF746500A516C6 /* EmotionCell.swift in Sources */,
				9D8AE91C21BC14EA00BA2EF2 /* PostMessageCell.swift in Sources */,
				9D8AE92B21BC14EA00BA2EF2 /* EventMessage.swift in Sources */,
				9D76B89521CF746500A516C6 /* CaptureView.swift in Sources */,
				9D8AE91F21BC14EA00BA2EF2 /* RightAudioMessageCell.swift in Sources */,
				9D8AE91221BC14EA00BA2EF2 /* MessageList.swift in Sources */,
				9D8AE91621BC14EA00BA2EF2 /* LeftAudioMessageCell.swift in Sources */,
				9D8AE93121BC14EA00BA2EF2 /* InsetLabel.swift in Sources */,
				9D8AE91421BC14EA00BA2EF2 /* EventMessageCell.swift in Sources */,
				9D76B8A921CF746500A516C6 /* EmotionFilter.swift in Sources */,
				9D8AE92921BC14EA00BA2EF2 /* VideoMessage.swift in Sources */,
				9D7F516521B2A7A400F04D5C /* RNTChatView.m in Sources */,
				9D76B89D21CF746500A516C6 /* EmotionIcon.swift in Sources */,
				9D76B8A821CF746500A516C6 /* BracketFilter.swift in Sources */,
				9D8AE91321BC14EA00BA2EF2 /* RightCardMessageCell.swift in Sources */,
				9D8AE91021BC14EA00BA2EF2 /* MessageStatus.swift in Sources */,
				9D76B89B21CF746500A516C6 /* EmotionPagerConfiguration.swift in Sources */,
				9D8AE92221BC14EA00BA2EF2 /* CardMessageCell.swift in Sources */,
				9D8AE92D21BC14EA00BA2EF2 /* Message.swift in Sources */,
				9D76B8A021CF746500A516C6 /* EmotionPage.swift in Sources */,
				9D8AE91D21BC14EA00BA2EF2 /* TextMessageCell.swift in Sources */,
				9D76B89A21CF746500A516C6 /* ViewMode.swift in Sources */,
				9D76B8AD21CF746500A516C6 /* VoiceManager.swift in Sources */,
				9D8AE90E21BC14EA00BA2EF2 /* AudioPlayer.swift in Sources */,
				9D76B89021CF746500A516C6 /* CameraViewConfiguration.swift in Sources */,
				9D8AE91921BC14EA00BA2EF2 /* LeftImageMessageCell.swift in Sources */,
				9D8AE91721BC14EA00BA2EF2 /* RightTextMessageCell.swift in Sources */,
				9D76B8B721CF746500A516C6 /* DotIndicator.swift in Sources */,
				9D76B8B221CF746500A516C6 /* RoundView.swift in Sources */,
				9D8AE93421BC14EA00BA2EF2 /* InteractiveImageView.swift in Sources */,
				9D76B8B521CF746500A516C6 /* MessageInputConfiguration.swift in Sources */,
				9D8AE91E21BC14EA00BA2EF2 /* LeftPostMessageCell.swift in Sources */,
				9D8AE90D21BC14EA00BA2EF2 /* MessageListConfiguration.swift in Sources */,
				9D8AE93021BC14EA00BA2EF2 /* LinkToken.swift in Sources */,
				9D76B89121CF746500A516C6 /* CameraViewController.swift in Sources */,
				9D76B8AB21CF746500A516C6 /* VoiceInputConfiguration.swift in Sources */,
				9D8AE92621BC14EA00BA2EF2 /* AudioMessageCell.swift in Sources */,
				9D76B8B421CF746500A516C6 /* FeatureButton.swift in Sources */,
				9D76B89E21CF746500A516C6 /* EmotionSet.swift in Sources */,
				9D76B89421CF746500A516C6 /* PreviewView.swift in Sources */,
				9D76B8A721CF746500A516C6 /* EmojiFilter.swift in Sources */,
				9D8AE92021BC14EA00BA2EF2 /* ImageMessageCell.swift in Sources */,
				9D8AE91B21BC14EA00BA2EF2 /* LeftTextMessageCell.swift in Sources */,
				9D76B88F21CF746500A516C6 /* CameraViewDelegate.swift in Sources */,
				9D76B89C21CF746500A516C6 /* EmotionTextareaConfiguration.swift in Sources */,
				9D8AE92F21BC14EA00BA2EF2 /* User.swift in Sources */,
				9D76B8AF21CF746500A516C6 /* CircleViewDelegate.swift in Sources */,
			);
			runOnlyForDeploymentPostprocessing = 0;
		};
/* End PBXSourcesBuildPhase section */

/* Begin XCBuildConfiguration section */
		9DB005F521AFD1F300358E85 /* Debug */ = {
			isa = XCBuildConfiguration;
			buildSettings = {
				ALWAYS_SEARCH_USER_PATHS = NO;
				CLANG_ANALYZER_NONNULL = YES;
				CLANG_ANALYZER_NUMBER_OBJECT_CONVERSION = YES_AGGRESSIVE;
				CLANG_CXX_LANGUAGE_STANDARD = "gnu++14";
				CLANG_CXX_LIBRARY = "libc++";
				CLANG_ENABLE_MODULES = YES;
				CLANG_ENABLE_OBJC_ARC = YES;
				CLANG_ENABLE_OBJC_WEAK = YES;
				CLANG_WARN_BLOCK_CAPTURE_AUTORELEASING = YES;
				CLANG_WARN_BOOL_CONVERSION = YES;
				CLANG_WARN_COMMA = YES;
				CLANG_WARN_CONSTANT_CONVERSION = YES;
				CLANG_WARN_DEPRECATED_OBJC_IMPLEMENTATIONS = YES;
				CLANG_WARN_DIRECT_OBJC_ISA_USAGE = YES_ERROR;
				CLANG_WARN_DOCUMENTATION_COMMENTS = YES;
				CLANG_WARN_EMPTY_BODY = YES;
				CLANG_WARN_ENUM_CONVERSION = YES;
				CLANG_WARN_INFINITE_RECURSION = YES;
				CLANG_WARN_INT_CONVERSION = YES;
				CLANG_WARN_NON_LITERAL_NULL_CONVERSION = YES;
				CLANG_WARN_OBJC_IMPLICIT_RETAIN_SELF = YES;
				CLANG_WARN_OBJC_LITERAL_CONVERSION = YES;
				CLANG_WARN_OBJC_ROOT_CLASS = YES_ERROR;
				CLANG_WARN_RANGE_LOOP_ANALYSIS = YES;
				CLANG_WARN_STRICT_PROTOTYPES = YES;
				CLANG_WARN_SUSPICIOUS_MOVE = YES;
				CLANG_WARN_UNGUARDED_AVAILABILITY = YES_AGGRESSIVE;
				CLANG_WARN_UNREACHABLE_CODE = YES;
				CLANG_WARN__DUPLICATE_METHOD_MATCH = YES;
				CODE_SIGN_IDENTITY = "iPhone Developer";
				COPY_PHASE_STRIP = NO;
				DEBUG_INFORMATION_FORMAT = dwarf;
				ENABLE_STRICT_OBJC_MSGSEND = YES;
				ENABLE_TESTABILITY = YES;
				GCC_C_LANGUAGE_STANDARD = gnu11;
				GCC_DYNAMIC_NO_PIC = NO;
				GCC_NO_COMMON_BLOCKS = YES;
				GCC_OPTIMIZATION_LEVEL = 0;
				GCC_PREPROCESSOR_DEFINITIONS = (
					"DEBUG=1",
					"$(inherited)",
				);
				GCC_WARN_64_TO_32_BIT_CONVERSION = YES;
				GCC_WARN_ABOUT_RETURN_TYPE = YES_ERROR;
				GCC_WARN_UNDECLARED_SELECTOR = YES;
				GCC_WARN_UNINITIALIZED_AUTOS = YES_AGGRESSIVE;
				GCC_WARN_UNUSED_FUNCTION = YES;
				GCC_WARN_UNUSED_VARIABLE = YES;
				IPHONEOS_DEPLOYMENT_TARGET = 9.0;
				MTL_ENABLE_DEBUG_INFO = YES;
				ONLY_ACTIVE_ARCH = YES;
				SDKROOT = iphoneos;
				SWIFT_VERSION = 4.0;
			};
			name = Debug;
		};
		9DB005F621AFD1F300358E85 /* Release */ = {
			isa = XCBuildConfiguration;
			buildSettings = {
				ALWAYS_SEARCH_USER_PATHS = NO;
				CLANG_ANALYZER_NONNULL = YES;
				CLANG_ANALYZER_NUMBER_OBJECT_CONVERSION = YES_AGGRESSIVE;
				CLANG_CXX_LANGUAGE_STANDARD = "gnu++14";
				CLANG_CXX_LIBRARY = "libc++";
				CLANG_ENABLE_MODULES = YES;
				CLANG_ENABLE_OBJC_ARC = YES;
				CLANG_ENABLE_OBJC_WEAK = YES;
				CLANG_WARN_BLOCK_CAPTURE_AUTORELEASING = YES;
				CLANG_WARN_BOOL_CONVERSION = YES;
				CLANG_WARN_COMMA = YES;
				CLANG_WARN_CONSTANT_CONVERSION = YES;
				CLANG_WARN_DEPRECATED_OBJC_IMPLEMENTATIONS = YES;
				CLANG_WARN_DIRECT_OBJC_ISA_USAGE = YES_ERROR;
				CLANG_WARN_DOCUMENTATION_COMMENTS = YES;
				CLANG_WARN_EMPTY_BODY = YES;
				CLANG_WARN_ENUM_CONVERSION = YES;
				CLANG_WARN_INFINITE_RECURSION = YES;
				CLANG_WARN_INT_CONVERSION = YES;
				CLANG_WARN_NON_LITERAL_NULL_CONVERSION = YES;
				CLANG_WARN_OBJC_IMPLICIT_RETAIN_SELF = YES;
				CLANG_WARN_OBJC_LITERAL_CONVERSION = YES;
				CLANG_WARN_OBJC_ROOT_CLASS = YES_ERROR;
				CLANG_WARN_RANGE_LOOP_ANALYSIS = YES;
				CLANG_WARN_STRICT_PROTOTYPES = YES;
				CLANG_WARN_SUSPICIOUS_MOVE = YES;
				CLANG_WARN_UNGUARDED_AVAILABILITY = YES_AGGRESSIVE;
				CLANG_WARN_UNREACHABLE_CODE = YES;
				CLANG_WARN__DUPLICATE_METHOD_MATCH = YES;
				CODE_SIGN_IDENTITY = "iPhone Developer";
				COPY_PHASE_STRIP = NO;
				DEBUG_INFORMATION_FORMAT = "dwarf-with-dsym";
				ENABLE_NS_ASSERTIONS = NO;
				ENABLE_STRICT_OBJC_MSGSEND = YES;
				GCC_C_LANGUAGE_STANDARD = gnu11;
				GCC_NO_COMMON_BLOCKS = YES;
				GCC_WARN_64_TO_32_BIT_CONVERSION = YES;
				GCC_WARN_ABOUT_RETURN_TYPE = YES_ERROR;
				GCC_WARN_UNDECLARED_SELECTOR = YES;
				GCC_WARN_UNINITIALIZED_AUTOS = YES_AGGRESSIVE;
				GCC_WARN_UNUSED_FUNCTION = YES;
				GCC_WARN_UNUSED_VARIABLE = YES;
				IPHONEOS_DEPLOYMENT_TARGET = 9.0;
				MTL_ENABLE_DEBUG_INFO = NO;
				SDKROOT = iphoneos;
				SWIFT_VERSION = 4.0;
				VALIDATE_PRODUCT = YES;
			};
			name = Release;
		};
		9DB005F821AFD1F300358E85 /* Debug */ = {
			isa = XCBuildConfiguration;
			buildSettings = {
				CLANG_ENABLE_MODULES = YES;
				CODE_SIGN_STYLE = Automatic;
				DEFINES_MODULE = YES;
				DEVELOPMENT_TEAM = N276SVAZ33;
				HEADER_SEARCH_PATHS = "$(SRCROOT)/../../react-native/React/**";
				IPHONEOS_DEPLOYMENT_TARGET = 9.0;
				LD_RUNPATH_SEARCH_PATHS = (
					"$(inherited)",
					"@executable_path/Frameworks",
					"@loader_path/Frameworks",
				);
				OTHER_LDFLAGS = "-ObjC";
				PRODUCT_NAME = "$(TARGET_NAME)";
				SKIP_INSTALL = YES;
				SWIFT_OBJC_BRIDGING_HEADER = "RNTChatView/RNTChatView-Bridging-Header.h";
				SWIFT_OPTIMIZATION_LEVEL = "-Onone";
				SWIFT_VERSION = 4.0;
				TARGETED_DEVICE_FAMILY = "1,2";
			};
			name = Debug;
		};
		9DB005F921AFD1F300358E85 /* Release */ = {
			isa = XCBuildConfiguration;
			buildSettings = {
				CLANG_ENABLE_MODULES = YES;
				CODE_SIGN_STYLE = Automatic;
				DEFINES_MODULE = YES;
				DEVELOPMENT_TEAM = N276SVAZ33;
				HEADER_SEARCH_PATHS = "$(SRCROOT)/../../react-native/React/**";
				IPHONEOS_DEPLOYMENT_TARGET = 9.0;
				LD_RUNPATH_SEARCH_PATHS = (
					"$(inherited)",
					"@executable_path/Frameworks",
					"@loader_path/Frameworks",
				);
				OTHER_LDFLAGS = "-ObjC";
				PRODUCT_NAME = "$(TARGET_NAME)";
				SKIP_INSTALL = YES;
				SWIFT_OBJC_BRIDGING_HEADER = "RNTChatView/RNTChatView-Bridging-Header.h";
				SWIFT_VERSION = 4.0;
				TARGETED_DEVICE_FAMILY = "1,2";
			};
			name = Release;
		};
/* End XCBuildConfiguration section */

/* Begin XCConfigurationList section */
		9DB005E921AFD1F300358E85 /* Build configuration list for PBXProject "RNTChatView" */ = {
			isa = XCConfigurationList;
			buildConfigurations = (
				9DB005F521AFD1F300358E85 /* Debug */,
				9DB005F621AFD1F300358E85 /* Release */,
			);
			defaultConfigurationIsVisible = 0;
			defaultConfigurationName = Release;
		};
		9DB005F721AFD1F300358E85 /* Build configuration list for PBXNativeTarget "RNTChatView" */ = {
			isa = XCConfigurationList;
			buildConfigurations = (
				9DB005F821AFD1F300358E85 /* Debug */,
				9DB005F921AFD1F300358E85 /* Release */,
			);
			defaultConfigurationIsVisible = 0;
			defaultConfigurationName = Release;
		};
/* End XCConfigurationList section */
	};
	rootObject = 9DB005E621AFD1F300358E85 /* Project object */;
}
